Microsoft Visual Studio Solution File, Format Version 8.00
Project("{8BC9CEB8-8B4A-11D0-8D11-00A0C91BC942}") = "SkinDll", "SkinDll\SkinDll.vcproj", "{44D5A156-8398-45F5-81F8-3FCFF524B75B}"
	ProjectSection(ProjectDependencies) = postProject
	EndProjectSection
EndProject
Project("{8BC9CEB8-8B4A-11D0-8D11-00A0C91BC942}") = "DebugExe", "DebugExe\DebugExe.vcproj", "{36D78D6E-08A7-4E3D-BF81-6454B417371D}"
	ProjectSection(ProjectDependencies) = postProject
	EndProjectSection
EndProject
Project("{8BC9CEB8-8B4A-11D0-8D11-00A0C91BC942}") = "TestExe", "TestExe\TestExe.vcproj", "{4C47165B-1129-480F-928A-9AA4981B085D}"
	ProjectSection(ProjectDependencies) = postProject
	EndProjectSection
EndProject
Global
	GlobalSection(SolutionConfiguration) = preSolution
		Debug = Debug
		Release = Release
	EndGlobalSection
	GlobalSection(ProjectConfiguration) = postSolution
		{44D5A156-8398-45F5-81F8-3FCFF524B75B}.Debug.ActiveCfg = Debug|Win32
		{44D5A156-8398-45F5-81F8-3FCFF524B75B}.Debug.Build.0 = Debug|Win32
		{44D5A156-8398-45F5-81F8-3FCFF524B75B}.Release.ActiveCfg = Release|Win32
		{44D5A156-8398-45F5-81F8-3FCFF524B75B}.Release.Build.0 = Release|Win32
		{36D78D6E-08A7-4E3D-BF81-6454B417371D}.Debug.ActiveCfg = Debug|Win32
		{36D78D6E-08A7-4E3D-BF81-6454B417371D}.Debug.Build.0 = Debug|Win32
		{36D78D6E-08A7-4E3D-BF81-6454B417371D}.Release.ActiveCfg = Release|Win32
		{36D78D6E-08A7-4E3D-BF81-6454B417371D}.Release.Build.0 = Release|Win32
		{4C47165B-1129-480F-928A-9AA4981B085D}.Debug.ActiveCfg = Debug|Win32
		{4C47165B-1129-480F-928A-9AA4981B085D}.Debug.Build.0 = Debug|Win32
		{4C47165B-1129-480F-928A-9AA4981B085D}.Release.ActiveCfg = Release|Win32
		{4C47165B-1129-480F-928A-9AA4981B085D}.Release.Build.0 = Release|Win32
	EndGlobalSection
	GlobalSection(ExtensibilityGlobals) = postSolution
	EndGlobalSection
	GlobalSection(ExtensibilityAddIns) = postSolution
	EndGlobalSection
EndGlobal
